[[package]]
category = "dev"
description = "Atomic file writes."
name = "atomicwrites"
optional = false
python-versions = ">=2.7, !=3.0.*, !=3.1.*, !=3.2.*, !=3.3.*"
version = "1.2.1"

[[package]]
category = "dev"
description = "Classes Without Boilerplate"
name = "attrs"
optional = false
python-versions = "*"
version = "18.2.0"

[[package]]
category = "main"
description = "Screen-scraping library"
name = "beautifulsoup4"
optional = false
python-versions = "*"
version = "4.7.0"

[package.dependencies]
soupsieve = ">=1.2"

[[package]]
category = "main"
description = "Python package for providing Mozilla's CA Bundle."
name = "certifi"
optional = false
python-versions = "*"
version = "2018.11.29"

[[package]]
category = "main"
description = "Universal encoding detector for Python 2 and 3"
name = "chardet"
optional = false
python-versions = "*"
version = "3.0.4"

[[package]]
category = "dev"
description = "Cross-platform colored terminal text."
marker = "sys_platform == \"win32\""
name = "colorama"
optional = false
python-versions = ">=2.7, !=3.0.*, !=3.1.*, !=3.2.*, !=3.3.*"
version = "0.4.1"

[[package]]
category = "main"
description = "Turn HTML into equivalent Markdown-structured text."
name = "html2text"
optional = false
python-versions = "*"
version = "2018.1.9"

[[package]]
category = "main"
description = "Internationalized Domain Names in Applications (IDNA)"
name = "idna"
optional = false
python-versions = ">=2.7, !=3.0.*, !=3.1.*, !=3.2.*, !=3.3.*"
version = "2.8"

[[package]]
category = "main"
description = "Powerful and Pythonic XML processing library combining libxml2/libxslt with the ElementTree API."
name = "lxml"
optional = false
python-versions = "*"
version = "4.2.5"

[[package]]
category = "dev"
description = "More routines for operating on iterables, beyond itertools"
name = "more-itertools"
optional = false
python-versions = "*"
version = "5.0.0"

[package.dependencies]
six = ">=1.0.0,<2.0.0"

[[package]]
category = "main"
description = "Python datetimes made easy"
name = "pendulum"
optional = false
python-versions = ">=2.7, !=3.0.*, !=3.1.*, !=3.2.*, !=3.3.*"
version = "2.0.4"

[package.dependencies]
python-dateutil = ">=2.6,<3.0"
pytzdata = ">=2018.3"

[[package]]
category = "dev"
description = "plugin and hook calling mechanisms for python"
name = "pluggy"
optional = false
python-versions = ">=2.7, !=3.0.*, !=3.1.*, !=3.2.*, !=3.3.*"
version = "0.8.0"

[[package]]
category = "dev"
description = "library with cross-python path, ini-parsing, io, code, log facilities"
name = "py"
optional = false
python-versions = ">=2.7, !=3.0.*, !=3.1.*, !=3.2.*, !=3.3.*"
version = "1.7.0"

[[package]]
category = "dev"
description = "pytest: simple powerful testing with Python"
name = "pytest"
optional = false
python-versions = ">=2.7, !=3.0.*, !=3.1.*, !=3.2.*, !=3.3.*"
version = "3.10.1"

[package.dependencies]
atomicwrites = ">=1.0"
attrs = ">=17.4.0"
colorama = "*"
more-itertools = ">=4.0.0"
pluggy = ">=0.7"
py = ">=1.5.0"
setuptools = "*"
six = ">=1.10.0"

[[package]]
category = "main"
description = "Extensions to the standard Python datetime module"
name = "python-dateutil"
optional = false
python-versions = ">=2.7, !=3.0.*, !=3.1.*, !=3.2.*"
version = "2.7.5"

[package.dependencies]
six = ">=1.5"

[[package]]
category = "main"
description = "The Olson timezone database for Python."
name = "pytzdata"
optional = false
python-versions = ">=2.7, !=3.0.*, !=3.1.*, !=3.2.*, !=3.3.*"
version = "2018.7"

[[package]]
category = "main"
description = "Python HTTP for Humans."
name = "requests"
optional = false
python-versions = ">=2.7, !=3.0.*, !=3.1.*, !=3.2.*, !=3.3.*"
version = "2.21.0"

[package.dependencies]
certifi = ">=2017.4.17"
chardet = ">=3.0.2,<3.1.0"
idna = ">=2.5,<2.9"
urllib3 = ">=1.21.1,<1.25"

[[package]]
category = "main"
description = "Persistent cache for requests library"
name = "requests-cache"
optional = false
python-versions = "*"
version = "0.4.13"

[package.dependencies]
requests = ">=1.1.0"

[[package]]
category = "main"
description = "Python 2 and 3 compatibility utilities"
name = "six"
optional = false
python-versions = ">=2.6, !=3.0.*, !=3.1.*"
version = "1.12.0"

[[package]]
category = "main"
description = "A CSS4 selector implementation for Beautiful Soup."
name = "soupsieve"
optional = false
python-versions = "*"
version = "1.6"

[[package]]
category = "main"
description = "HTTP library with thread-safe connection pooling, file post, and more."
name = "urllib3"
optional = false
python-versions = ">=2.7, !=3.0.*, !=3.1.*, !=3.2.*, !=3.3.*, <4"
version = "1.24.1"

[metadata]
content-hash = "b79029ed5fbacf630447f0fcfbf8f5e68ce5a80ecdba3b980653e63f25af100a"
python-versions = "^3.7"

[metadata.hashes]
atomicwrites = ["0312ad34fcad8fac3704d441f7b317e50af620823353ec657a53e981f92920c0", "ec9ae8adaae229e4f8446952d204a3e4b5fdd2d099f9be3aaf556120135fb3ee"]
attrs = ["10cbf6e27dbce8c30807caf056c8eb50917e0eaafe86347671b57254006c3e69", "ca4be454458f9dec299268d472aaa5a11f67a4ff70093396e1ceae9c76cf4bbb"]
beautifulsoup4 = ["1ed70a0e99742653953d68462378a1a8eb65dca5f7c8fa44a05a2a0b3545df67", "6a7f5e0efc563cd1ffeefba6d528b97aa0d313c02dd126ba6c455e5fe5bd48eb", "e394827904cc4923f443e8dd2e9968343669c8e1ad7a8d62d7541e780884acb8"]
certifi = ["47f9c83ef4c0c621eaef743f133f09fa8a74a9b75f037e8624f83bd1b6626cb7", "993f830721089fef441cdfeb4b2c8c9df86f0c63239f06bd025a76a7daddb033"]
chardet = ["84ab92ed1c4d4f16916e05906b6b75a6c0fb5db821cc65e70cbd64a3e2a5eaae", "fc323ffcaeaed0e0a02bf4d117757b98aed530d9ed4531e3e15460124c106691"]
colorama = ["05eed71e2e327246ad6b38c540c4a3117230b19679b875190486ddd2d721422d", "f8ac84de7840f5b9c4e3347b3c1eaa50f7e49c2b07596221daec5edaabbd7c48"]
html2text = ["490db40fe5b2cd79c461cf56be4d39eb8ca68191ae41ba3ba79f6cb05b7dd662", "627514fb30e7566b37be6900df26c2c78a030cc9e6211bda604d8181233bcdd4"]
idna = ["c357b3f628cf53ae2c4c05627ecc484553142ca23264e593d327bcde5e9c3407", "ea8b7f6188e6fa117537c3df7da9fc686d485087abf6ac197f9c46432f7e4a3c"]
lxml = ["02bc220d61f46e9b9d5a53c361ef95e9f5e1d27171cd461dddb17677ae2289a5", "22f253b542a342755f6cfc047fe4d3a296515cf9b542bc6e261af45a80b8caf6", "2f31145c7ff665b330919bfa44aacd3a0211a76ca7e7b441039d2a0b0451e415", "36720698c29e7a9626a0dc802ef8885f8f0239bfd1689628ecd459a061f2807f", "438a1b0203545521f6616132bfe0f4bca86f8a401364008b30e2b26ec408ce85", "4815892904c336bbaf73dafd54f45f69f4021c22b5bad7332176bbf4fb830568", "5be031b0f15ad63910d8e5038b489d95a79929513b3634ad4babf77100602588", "5c93ae37c3c588e829b037fdfbd64a6e40c901d3f93f7beed6d724c44829a3ad", "60842230678674cdac4a1cf0f707ef12d75b9a4fc4a565add4f710b5fcf185d5", "62939a8bb6758d1bf923aa1c13f0bcfa9bf5b2fc0f5fa917a6e25db5fe0cfa4e", "75830c06a62fe7b8fe3bbb5f269f0b308f19f3949ac81cfd40062f47c1455faf", "81992565b74332c7c1aff6a913a3e906771aa81c9d0c68c68113cffcae45bc53", "8c892fb0ee52c594d9a7751c7d7356056a9682674b92cc1c4dc968ff0f30c52f", "9d862e3cf4fc1f2837dedce9c42269c8c76d027e49820a548ac89fdcee1e361f", "a623965c086a6e91bb703d4da62dabe59fe88888e82c4117d544e11fd74835d6", "a7783ab7f6a508b0510490cef9f857b763d796ba7476d9703f89722928d1e113", "aab09fbe8abfa3b9ce62aaf45aca2d28726b1b9ee44871dbe644050a2fff4940", "abf181934ac3ef193832fb973fd7f6149b5c531903c2ec0f1220941d73eee601", "ae07fa0c115733fce1e9da96a3ac3fa24801742ca17e917e0c79d63a01eeb843", "b9c78242219f674ab645ec571c9a95d70f381319a23911941cd2358a8e0521cf", "bccb267678b870d9782c3b44d0cefe3ba0e329f9af8c946d32bf3778e7a4f271", "c4df4d27f4c93b2cef74579f00b1d3a31a929c7d8023f870c4b476f03a274db4", "caf0e50b546bb60dfa99bb18dfa6748458a83131ecdceaf5c071d74907e7e78a", "d3266bd3ac59ac4edcd5fa75165dee80b94a3e5c91049df5f7c057ccf097551c", "db0d213987bcd4e6d41710fb4532b22315b0d8fb439ff901782234456556aed1", "dbbd5cf7690a40a9f0a9325ab480d0fccf46d16b378eefc08e195d84299bfae1", "e16e07a0ec3a75b5ee61f2b1003c35696738f937dc8148fbda9fe2147ccb6e61", "e175a006725c7faadbe69e791877d09936c0ef2cf49d01b60a6c1efcb0e8be6f", "edd9c13a97f6550f9da2236126bb51c092b3b1ce6187f2bd966533ad794bbb5e", "fa39ea60d527fbdd94215b5e5552f1c6a912624521093f1384a491a8ad89ad8b"]
more-itertools = ["38a936c0a6d98a38bcc2d03fdaaedaba9f412879461dd2ceff8d37564d6522e4", "c0a5785b1109a6bd7fac76d6837fd1feca158e54e521ccd2ae8bfe393cc9d4fc", "fe7a7cae1ccb57d33952113ff4fa1bc5f879963600ed74918f1236e212ee50b9"]
pendulum = ["0f43d963b27e92b04047ce8352e4c277db99f20d0b513df7d0ceafe674a2f727", "14e60d26d7400980123dbb6e3f2a90b70d7c18c63742ffe5bd6d6a643f8c6ef1", "5035a4e17504814a679f138374269cc7cc514aeac7ba6d9dc020abc224f25dbc", "8c0b3d655c1e9205d4dacf42fffc929cde3b19b5fb544a7f7561e6896eb8a000", "bfc7b33ae193a204ec0bec12ad0d2d3300cd7e51d91d992da525ba3b28f0d265", "cd70b75800439794e1ad8dbfa24838845e171918df81fa98b68d0d5a6f9b8bf2", "cf535d36c063575d4752af36df928882b2e0e31541b4482c97d63752785f9fcb"]
pluggy = ["447ba94990e8014ee25ec853339faf7b0fc8050cdc3289d4d71f7f410fb90095", "bde19360a8ec4dfd8a20dcb811780a30998101f078fc7ded6162f0076f50508f"]
py = ["bf92637198836372b520efcba9e020c330123be8ce527e535d185ed4b6f45694", "e76826342cefe3c3d5f7e8ee4316b80d1dd8a300781612ddbc765c17ba25a6c6"]
pytest = ["3f193df1cfe1d1609d4c583838bea3d532b18d6160fd3f55c9447fdca30848ec", "e246cf173c01169b9617fc07264b7b1316e78d7a650055235d6d897bc80d9660"]
python-dateutil = ["063df5763652e21de43de7d9e00ccf239f953a832941e37be541614732cdfc93", "88f9287c0174266bb0d8cedd395cfba9c58e87e5ad86b2ce58859bc11be3cf02"]
pytzdata = ["10c74b0cfc51a9269031f86ecd11096c9c6a141f5bb15a3b8a88f9979f6361e2", "279cbd9900d5da9a8f9053e60db0db7f42d9a799673744b76aaeb6b4f14abe77"]
requests = ["502a824f31acdacb3a35b6690b5fbf0bc41d63a24a45c4004352b0242707598e", "7bf2a778576d825600030a110f3c0e3e8edc51dfaafe1c146e39a2027784957b"]
requests-cache = ["e9270030becc739b0a7f7f834234c73a878b2d794122bf76f40055a22419eb67", "fe561ca119879bbcfb51f03a35e35b425e18f338248e59fd5cf2166c77f457a2"]
six = ["3350809f0555b11f552448330d0b52d5f24c91a322ea4a15ef22629740f3761c", "d16a0141ec1a18405cd4ce8b4613101da75da0e9a7aec5bdd4fa804d0e0eba73"]
soupsieve = ["29bf6f6d4a641eb0a172c1a95bbc4466009cceaceb747a6e425efd7d0b5fbea2", "7a89864492e82b92eac0097f966f30f5f96597ba1af3c3b5385b41bc92cebe55"]
urllib3 = ["61bf29cada3fc2fbefad4fdf059ea4bd1b4a86d2b6d15e1c7c0b582b9752fe39", "de9529817c93f27c8ccbfead6985011db27bd0ddfcdb2d86f3f663385c6a9c22"]
